
Microsoft Visual Studio Solution File, Format Version 12.00
# Visual Studio Version 17
VisualStudioVersion = 17.0.31903.59
MinimumVisualStudioVersion = 10.0.40219.1
Project("{FAE04EC0-301F-11D3-BF4B-00C04F79EFBC}") = "Game", "Game\Game.csproj", "{01419785-BEE0-4FCE-B6A1-73A882EAD373}"
EndProject
Project("{FAE04EC0-301F-11D3-BF4B-00C04F79EFBC}") = "GameTest", "GameTest\GameTest.csproj", "{19741C00-5EEF-4DAA-B1EE-43FB8E0CB369}"
EndProject
Global
	GlobalSection(SolutionConfigurationPlatforms) = preSolution
		Debug|Any CPU = Debug|Any CPU
		Release|Any CPU = Release|Any CPU
	EndGlobalSection
	GlobalSection(SolutionProperties) = preSolution
		HideSolutionNode = FALSE
	EndGlobalSection
	GlobalSection(ProjectConfigurationPlatforms) = postSolution
		{01419785-BEE0-4FCE-B6A1-73A882EAD373}.Debug|Any CPU.ActiveCfg = Debug|Any CPU
		{01419785-BEE0-4FCE-B6A1-73A882EAD373}.Debug|Any CPU.Build.0 = Debug|Any CPU
		{01419785-BEE0-4FCE-B6A1-73A882EAD373}.Release|Any CPU.ActiveCfg = Release|Any CPU
		{01419785-BEE0-4FCE-B6A1-73A882EAD373}.Release|Any CPU.Build.0 = Release|Any CPU
		{19741C00-5EEF-4DAA-B1EE-43FB8E0CB369}.Debug|Any CPU.ActiveCfg = Debug|Any CPU
		{19741C00-5EEF-4DAA-B1EE-43FB8E0CB369}.Debug|Any CPU.Build.0 = Debug|Any CPU
		{19741C00-5EEF-4DAA-B1EE-43FB8E0CB369}.Release|Any CPU.ActiveCfg = Release|Any CPU
		{19741C00-5EEF-4DAA-B1EE-43FB8E0CB369}.Release|Any CPU.Build.0 = Release|Any CPU
	EndGlobalSection
EndGlobal
